{
	"requires": true,
	"lockfileVersion": 1,
	"dependencies": {
		"@angular/animations": {
			"version": "4.2.6",
			"resolved": "https://registry.npmjs.org/@angular/animations/-/animations-4.2.6.tgz",
			"integrity": "sha1-nZyAoRmwwDaTy9I7uvcosVMf/8c=",
			"requires": {
				"tslib": "1.7.1"
			}
		},
		"@angular/common": {
			"version": "4.2.6",
			"resolved": "https://registry.npmjs.org/@angular/common/-/common-4.2.6.tgz",
			"integrity": "sha1-IQrOS9JON1+LQbpS/rNLGKiH1do=",
			"requires": {
				"tslib": "1.7.1"
			}
		},
		"@angular/compiler": {
			"version": "4.2.6",
			"resolved": "https://registry.npmjs.org/@angular/compiler/-/compiler-4.2.6.tgz",
			"integrity": "sha1-ZndW1JXKDUXSBhJooQ1Sr4Ofr/Q=",
			"requires": {
				"tslib": "1.7.1"
			}
		},
		"@angular/core": {
			"version": "4.2.6",
			"resolved": "https://registry.npmjs.org/@angular/core/-/core-4.2.6.tgz",
			"integrity": "sha1-DByP8BV/B29KfAtyHKFCPxu+Fk4=",
			"requires": {
				"tslib": "1.7.1"
			}
		},
		"@angular/forms": {
			"version": "4.2.6",
			"resolved": "https://registry.npmjs.org/@angular/forms/-/forms-4.2.6.tgz",
			"integrity": "sha1-nTI5lgjkYDu/GXQXqluU6ApGfrA=",
			"requires": {
				"tslib": "1.7.1"
			}
		},
		"@angular/http": {
			"version": "4.2.6",
			"resolved": "https://registry.npmjs.org/@angular/http/-/http-4.2.6.tgz",
			"integrity": "sha1-SZ4roLvB89cbdt6+wDTJWMrxE04=",
			"requires": {
				"tslib": "1.7.1"
			}
		},
		"@angular/platform-browser": {
			"version": "4.2.6",
			"resolved": "https://registry.npmjs.org/@angular/platform-browser/-/platform-browser-4.2.6.tgz",
			"integrity": "sha1-oTH/WSIl/mSWvKLJr/YSpNvd9Dc=",
			"requires": {
				"tslib": "1.7.1"
			}
		},
		"@angular/router": {
			"version": "4.2.6",
			"resolved": "https://registry.npmjs.org/@angular/router/-/router-4.2.6.tgz",
			"integrity": "sha1-ppGdm2HEX/wV++5ZM5jj/VMtq0Y=",
			"requires": {
				"tslib": "1.7.1"
			}
		},
		"ansi-regex": {
			"version": "2.1.1",
			"resolved": "https://registry.npmjs.org/ansi-regex/-/ansi-regex-2.1.1.tgz",
			"integrity": "sha1-w7M6te42DYbg5ijwRorn7yfWVN8=",
			"dev": true
		},
		"ansi-styles": {
			"version": "2.2.1",
			"resolved": "https://registry.npmjs.org/ansi-styles/-/ansi-styles-2.2.1.tgz",
			"integrity": "sha1-tDLdM1i2NM914eRmQ2gkBTPB3b4=",
			"dev": true
		},
		"babel-code-frame": {
			"version": "6.26.0",
			"resolved": "https://registry.npmjs.org/babel-code-frame/-/babel-code-frame-6.26.0.tgz",
			"integrity": "sha1-Y/1D99weO7fONZR9uP42mj9Yx0s=",
			"dev": true,
			"requires": {
				"chalk": "1.1.3",
				"esutils": "2.0.2",
				"js-tokens": "3.0.2"
			}
		},
		"babel-messages": {
			"version": "6.23.0",
			"resolved": "https://registry.npmjs.org/babel-messages/-/babel-messages-6.23.0.tgz",
			"integrity": "sha1-8830cDhYA1sqKVHG7F7fbGLyYw4=",
			"dev": true,
			"requires": {
				"babel-runtime": "6.26.0"
			}
		},
		"babel-runtime": {
			"version": "6.26.0",
			"resolved": "https://registry.npmjs.org/babel-runtime/-/babel-runtime-6.26.0.tgz",
			"integrity": "sha1-llxwWGaOgrVde/4E/yM3vItWR/4=",
			"dev": true,
			"requires": {
				"core-js": "2.5.0",
				"regenerator-runtime": "0.11.0"
			}
		},
		"babel-traverse": {
			"version": "6.26.0",
			"resolved": "https://registry.npmjs.org/babel-traverse/-/babel-traverse-6.26.0.tgz",
			"integrity": "sha1-RqnL1+3MYsjlwGTi0tjQ9ANXZu4=",
			"dev": true,
			"requires": {
				"babel-code-frame": "6.26.0",
				"babel-messages": "6.23.0",
				"babel-runtime": "6.26.0",
				"babel-types": "6.26.0",
				"babylon": "6.18.0",
				"debug": "2.6.8",
				"globals": "9.18.0",
				"invariant": "2.2.2",
				"lodash": "4.17.4"
			}
		},
		"babel-types": {
			"version": "6.26.0",
			"resolved": "https://registry.npmjs.org/babel-types/-/babel-types-6.26.0.tgz",
			"integrity": "sha1-o7Bz+Uq0nrb6Vc1lInozQ4BjJJc=",
			"dev": true,
			"requires": {
				"babel-runtime": "6.26.0",
				"esutils": "2.0.2",
				"lodash": "4.17.4",
				"to-fast-properties": "1.0.3"
			}
		},
		"babylon": {
			"version": "6.18.0",
			"resolved": "https://registry.npmjs.org/babylon/-/babylon-6.18.0.tgz",
			"integrity": "sha512-q/UEjfGJ2Cm3oKV71DJz9d25TPnq5rhBVL2Q4fA5wcC3jcrdn7+SssEybFIxwAvvP+YCsCYNKughoF33GxgycQ==",
			"dev": true
		},
		"balanced-match": {
			"version": "1.0.0",
			"resolved": "https://registry.npmjs.org/balanced-match/-/balanced-match-1.0.0.tgz",
			"integrity": "sha1-ibTRmasr7kneFk6gK4nORi1xt2c=",
			"dev": true
		},
		"brace-expansion": {
			"version": "1.1.8",
			"resolved": "https://registry.npmjs.org/brace-expansion/-/brace-expansion-1.1.8.tgz",
			"integrity": "sha1-wHshHHyVLsH479Uad+8NHTmQopI=",
			"dev": true,
			"requires": {
				"balanced-match": "1.0.0",
				"concat-map": "0.0.1"
			}
		},
		"chalk": {
			"version": "1.1.3",
			"resolved": "https://registry.npmjs.org/chalk/-/chalk-1.1.3.tgz",
			"integrity": "sha1-qBFcVeSnAv5NFQq9OHKCKn4J/Jg=",
			"dev": true,
			"requires": {
				"ansi-styles": "2.2.1",
				"escape-string-regexp": "1.0.5",
				"has-ansi": "2.0.0",
				"strip-ansi": "3.0.1",
				"supports-color": "2.0.0"
			}
		},
		"concat-map": {
			"version": "0.0.1",
			"resolved": "https://registry.npmjs.org/concat-map/-/concat-map-0.0.1.tgz",
			"integrity": "sha1-2Klr13/Wjfd5OnMDajug1UBdR3s=",
			"dev": true
		},
		"core-js": {
			"version": "2.5.0",
			"resolved": "https://registry.npmjs.org/core-js/-/core-js-2.5.0.tgz",
			"integrity": "sha1-VpwFCRi+ZIazg3VSAorgRmtxcIY=",
			"dev": true
		},
		"debug": {
			"version": "2.6.8",
			"resolved": "https://registry.npmjs.org/debug/-/debug-2.6.8.tgz",
			"integrity": "sha1-5zFTHKLt4n0YgiJCfaF4IdaP9Pw=",
			"dev": true,
			"requires": {
				"ms": "2.0.0"
			}
		},
		"escape-string-regexp": {
			"version": "1.0.5",
			"resolved": "https://registry.npmjs.org/escape-string-regexp/-/escape-string-regexp-1.0.5.tgz",
			"integrity": "sha1-G2HAViGQqN/2rjuyzwIAyhMLhtQ=",
			"dev": true
		},
		"esutils": {
			"version": "2.0.2",
			"resolved": "https://registry.npmjs.org/esutils/-/esutils-2.0.2.tgz",
			"integrity": "sha1-Cr9PHKpbyx96nYrMbepPqqBLrJs=",
			"dev": true
		},
		"glob": {
			"version": "6.0.4",
			"resolved": "https://registry.npmjs.org/glob/-/glob-6.0.4.tgz",
			"integrity": "sha1-DwiGD2oVUSey+t1PnOJLGqtuTSI=",
			"dev": true,
			"requires": {
				"inflight": "1.0.6",
				"inherits": "2.0.3",
				"minimatch": "3.0.4",
				"once": "1.4.0",
				"path-is-absolute": "1.0.1"
			}
		},
		"globals": {
			"version": "9.18.0",
			"resolved": "https://registry.npmjs.org/globals/-/globals-9.18.0.tgz",
			"integrity": "sha512-S0nG3CLEQiY/ILxqtztTWH/3iRRdyBLw6KMDxnKMchrtbj2OFmehVh0WUCfW3DUrIgx/qFrJPICrq4Z4sTR9UQ==",
			"dev": true
		},
		"has-ansi": {
			"version": "2.0.0",
			"resolved": "https://registry.npmjs.org/has-ansi/-/has-ansi-2.0.0.tgz",
			"integrity": "sha1-NPUEnOHs3ysGSa8+8k5F7TVBbZE=",
			"dev": true,
			"requires": {
				"ansi-regex": "2.1.1"
			}
		},
		"inflight": {
			"version": "1.0.6",
			"resolved": "https://registry.npmjs.org/inflight/-/inflight-1.0.6.tgz",
			"integrity": "sha1-Sb1jMdfQLQwJvJEKEHW6gWW1bfk=",
			"dev": true,
			"requires": {
				"once": "1.4.0",
				"wrappy": "1.0.2"
			}
		},
		"inherits": {
			"version": "2.0.3",
			"resolved": "https://registry.npmjs.org/inherits/-/inherits-2.0.3.tgz",
			"integrity": "sha1-Yzwsg+PaQqUC9SRmAiSA9CCCYd4=",
			"dev": true
		},
		"invariant": {
			"version": "2.2.2",
			"resolved": "https://registry.npmjs.org/invariant/-/invariant-2.2.2.tgz",
			"integrity": "sha1-nh9WrArNtr8wMwbzOL47IErmA2A=",
			"dev": true,
			"requires": {
				"loose-envify": "1.3.1"
			}
		},
		"js-tokens": {
			"version": "3.0.2",
			"resolved": "https://registry.npmjs.org/js-tokens/-/js-tokens-3.0.2.tgz",
			"integrity": "sha1-mGbfOVECEw449/mWvOtlRDIJwls=",
			"dev": true
		},
		"lazy": {
			"version": "1.0.11",
			"resolved": "https://registry.npmjs.org/lazy/-/lazy-1.0.11.tgz",
			"integrity": "sha1-2qBoIGKCVCwIgojpdcKXwa53tpA=",
			"dev": true
		},
		"lodash": {
			"version": "4.17.4",
			"resolved": "https://registry.npmjs.org/lodash/-/lodash-4.17.4.tgz",
			"integrity": "sha1-eCA6TRwyiuHYbcpkYONptX9AVa4=",
			"dev": true
		},
		"loose-envify": {
			"version": "1.3.1",
			"resolved": "https://registry.npmjs.org/loose-envify/-/loose-envify-1.3.1.tgz",
			"integrity": "sha1-0aitM/qc4OcT1l/dCsi3SNR4yEg=",
			"dev": true,
			"requires": {
				"js-tokens": "3.0.2"
			}
		},
		"minimatch": {
			"version": "3.0.4",
			"resolved": "https://registry.npmjs.org/minimatch/-/minimatch-3.0.4.tgz",
			"integrity": "sha512-yJHVQEhyqPLUTgt9B83PXu6W3rx4MvvHvSUvToogpwoGDOUQ+yDrR0HRot+yOCdCO7u4hX3pWft6kWBBcqh0UA==",
			"dev": true,
			"requires": {
				"brace-expansion": "1.1.8"
			}
		},
		"minimist": {
			"version": "0.0.8",
			"resolved": "https://registry.npmjs.org/minimist/-/minimist-0.0.8.tgz",
			"integrity": "sha1-hX/Kv8M5fSYluCKCYuhqp6ARsF0=",
			"dev": true
		},
		"mkdirp": {
			"version": "0.5.1",
			"resolved": "https://registry.npmjs.org/mkdirp/-/mkdirp-0.5.1.tgz",
			"integrity": "sha512-SknJC52obPfGQPnjIkXbmA6+5H15E+fR+E4iR2oQ3zzCLbd7/ONua69R/Gw7AgkTLsRG+r5fzksYwWe1AgTyWA==",
			"dev": true,
			"requires": {
				"minimist": "0.0.8"
			}
		},
		"ms": {
			"version": "2.0.0",
			"resolved": "https://registry.npmjs.org/ms/-/ms-2.0.0.tgz",
			"integrity": "sha1-VgiurfwAvmwpAd9fmGF4jeDVl8g=",
			"dev": true
		},
		"nativescript-angular": {
			"version": "4.2.0",
			"resolved": "https://registry.npmjs.org/nativescript-angular/-/nativescript-angular-4.2.0.tgz",
			"integrity": "sha512-I7iSIW1NQGJRGM96mkPjngJD3b64l8aRlMdcgdJ8gf2B1S1BGhk5IBdu4lhfwjdUSlv4x80QQHhWaAJrRQyslA==",
			"requires": {
				"nativescript-intl": "3.0.0",
				"reflect-metadata": "0.1.10"
			}
		},
		"nativescript-appversion": {
			"version": "1.4.1",
			"resolved": "https://registry.npmjs.org/nativescript-appversion/-/nativescript-appversion-1.4.1.tgz",
			"integrity": "sha1-OpAo4zx35VVTlhk9KLweerdmG40="
		},
		"nativescript-dev-typescript": {
			"version": "0.5.0",
			"resolved": "https://registry.npmjs.org/nativescript-dev-typescript/-/nativescript-dev-typescript-0.5.0.tgz",
			"integrity": "sha1-EqOcRRN6Wh8/qxIhYZldinrOECU=",
			"dev": true,
			"requires": {
				"nativescript-hook": "0.2.1"
			}
		},
		"nativescript-hook": {
			"version": "0.2.1",
			"resolved": "https://registry.npmjs.org/nativescript-hook/-/nativescript-hook-0.2.1.tgz",
			"integrity": "sha1-eGIlBW2yD6SeeGRR3M1ktS44ZNk=",
			"dev": true,
			"requires": {
				"glob": "6.0.4",
				"mkdirp": "0.5.1"
			}
		},
		"nativescript-intl": {
			"version": "3.0.0",
			"resolved": "https://registry.npmjs.org/nativescript-intl/-/nativescript-intl-3.0.0.tgz",
			"integrity": "sha1-gu6b59N3Fys8QpVzRyMDdijhhqc="
		},
		"nativescript-store-update": {
			"version": "file:../src",
			"requires": {
				"@types/moment": "2.13.0",
				"moment": "2.18.1",
				"nativescript-appversion": "1.4.1"
			},
			"dependencies": {
				"@angular/core": {
					"version": "4.3.6",
					"resolved": "https://registry.npmjs.org/@angular/core/-/core-4.3.6.tgz",
					"integrity": "sha512-QD5cVkgCzGCH142J01IsfVwrDfPkZIb1mWVmVg7bemcfYS934fKNvLSRaRyV+WG6DO5QCBqDJSoIM7VQbWAWbw=="
				},
				"@types/moment": {
					"version": "2.13.0",
					"resolved": "https://registry.npmjs.org/@types/moment/-/moment-2.13.0.tgz",
					"integrity": "sha512-DyuyYGpV6r+4Z1bUznLi/Y7HpGn4iQ4IVcGn8zrr1P4KotKLdH0sbK1TFR6RGyX6B+G8u83wCzL+bpawKU/hdQ==",
					"requires": {
						"moment": "*"
					}
				},
				"async": {
					"version": "0.9.2",
					"resolved": "https://registry.npmjs.org/async/-/async-0.9.2.tgz",
					"integrity": "sha512-l6ToIJIotphWahxxHyzK9bnLR6kM4jJIIgLShZeqLY7iboHoGkdgFl7W2/Ivi4SkMJYGKqW8vSuk0uKUj6qsSw=="
				},
				"cycle": {
					"version": "1.0.3",
					"resolved": "https://registry.npmjs.org/cycle/-/cycle-1.0.3.tgz",
					"integrity": "sha512-TVF6svNzeQCOpjCqsy0/CSy8VgObG3wXusJ73xW2GbG5rGx7lC8zxDSURicsXI2UsGdi2L0QNRCi745/wUDvsA=="
				},
				"deep-equal": {
					"version": "0.2.2",
					"resolved": "https://registry.npmjs.org/deep-equal/-/deep-equal-0.2.2.tgz",
					"integrity": "sha512-FXgye2Jr6oEk01S7gmSrHrPEQ1ontR7wwl+nYiZ8h4SXlHVm0DYda74BIPcHz2s2qPz4+375IcAz1vsWLwddgQ=="
				},
				"eyes": {
					"version": "0.1.8",
					"resolved": "https://registry.npmjs.org/eyes/-/eyes-0.1.8.tgz",
					"integrity": "sha512-GipyPsXO1anza0AOZdy69Im7hGFCNB7Y/NGjDlZGJ3GJJLtwNSb2vrzYrTYJRrRloVx7pl+bhUaTB8yiccPvFQ=="
				},
				"i": {
					"version": "0.3.5",
					"resolved": "https://registry.npmjs.org/i/-/i-0.3.5.tgz",
					"integrity": "sha512-XFmJQOpUegDZ9oXorK3AjimFzK//YLoDtGzwJ4xmop/4bRDtEWcbAwlEwDiJrwv5kPhbUVWXObnmmvkCFtjw3Q=="
				},
				"isstream": {
					"version": "0.1.2",
					"resolved": "https://registry.npmjs.org/isstream/-/isstream-0.1.2.tgz",
					"integrity": "sha512-Yljz7ffyPbrLpLngrMtZ7NduUgVvi6wG9RJ9IUcyCd59YQ911PBJphODUcbOVbqYfxe1wuYf/LJ8PauMRwsM/g=="
				},
				"moment": {
					"version": "2.18.1",
					"resolved": "https://registry.npmjs.org/moment/-/moment-2.18.1.tgz",
					"integrity": "sha512-QGcnVKRSEhbWy2i0pqFhjWMCczL/YU5ICMB3maUavFcyUqBszRnzsswvOaGOqSfWZ/R+dMnb9gGBuRT4LMTdVQ=="
				},
				"mute-stream": {
					"version": "0.0.7",
					"resolved": "https://registry.npmjs.org/mute-stream/-/mute-stream-0.0.7.tgz",
					"integrity": "sha512-r65nCZhrbXXb6dXOACihYApHw2Q6pV0M3V0PSxd74N0+D8nzAdEAITq2oAjA1jVnKI+tGvEBUpqiMh0+rW6zDQ=="
				},
				"nativescript-appversion": {
					"version": "1.4.1",
					"resolved": "https://registry.npmjs.org/nativescript-appversion/-/nativescript-appversion-1.4.1.tgz",
					"integrity": "sha512-xEjSQZEPUu8NPBemMbbgxVjxZWGHRggQnkAK9Kmt06Ca/U+Cu60ocUFlfpIXI+Md86GuoC1hEHrwxRrDbCbjQA=="
				},
				"ncp": {
					"version": "1.0.1",
					"resolved": "https://registry.npmjs.org/ncp/-/ncp-1.0.1.tgz",
					"integrity": "sha512-akBX7I5X9KQDDWmYYgQlLbVbjkveTje2mioZjhLLrVt09akSZcoqXWE5LEn1E2fu8T7th1PZYGfewQsTkTLTmQ=="
				},
				"pkginfo": {
					"version": "0.4.0",
					"resolved": "https://registry.npmjs.org/pkginfo/-/pkginfo-0.4.0.tgz",
					"integrity": "sha512-PvRaVdb+mc4R87WFh2Xc7t41brwIgRFSNoDmRyG0cAov6IfnFARp0GHxU8wP5Uh4IWduQSJsRPSwaKDjgMremg=="
				},
				"prompt": {
					"version": "1.0.0",
					"resolved": "https://registry.npmjs.org/prompt/-/prompt-1.0.0.tgz",
					"integrity": "sha512-SIliATETjBHvX5c2h8xhjFP0GmGie58sdq7utvoMIv1qkcow3O/NLy21ME35D3uCMYYf/ZASPzG6kFTKXZ8Yxg==",
					"requires": {
						"pkginfo": "0.x.x",
						"read": "1.0.x",
						"revalidator": "0.1.x",
						"utile": "0.3.x",
						"winston": "2.1.x"
					}
				},
				"read": {
					"version": "1.0.7",
					"resolved": "https://registry.npmjs.org/read/-/read-1.0.7.tgz",
					"integrity": "sha512-rSOKNYUmaxy0om1BNjMN4ezNT6VKK+2xF4GBhc81mkH7L60i6dp8qPYrkndNLT3QPphoII3maL9PVC9XmhHwVQ==",
					"requires": {
						"mute-stream": "~0.0.4"
					}
				},
				"revalidator": {
					"version": "0.1.8",
					"resolved": "https://registry.npmjs.org/revalidator/-/revalidator-0.1.8.tgz",
					"integrity": "sha512-xcBILK2pA9oh4SiinPEZfhP8HfrB/ha+a2fTMyl7Om2WjlDVrOQy99N2MXXlUHqGJz4qEu2duXxHJjDWuK/0xg=="
				},
				"rimraf": {
					"version": "2.6.1",
					"resolved": "https://registry.npmjs.org/rimraf/-/rimraf-2.6.1.tgz",
					"integrity": "sha512-5QIcndZ8am2WyseL6lln/utl51SwRBQs/at+zi1UnhsnPyZcAID+g0PZrKdb+kJn2fo/CwgyJweR8sP36Jer5g=="
				},
				"rxjs": {
					"version": "5.4.3",
					"resolved": "https://registry.npmjs.org/rxjs/-/rxjs-5.4.3.tgz",
					"integrity": "sha512-fSNi+y+P9ss+EZuV0GcIIqPUK07DEaMRUtLJvdcvMyFjc9dizuDjere+A4V7JrLGnm9iCc+nagV/4QdMTkqC4A==",
					"requires": {
						"symbol-observable": "^1.0.1"
					}
				},
				"stack-trace": {
					"version": "0.0.10",
					"resolved": "https://registry.npmjs.org/stack-trace/-/stack-trace-0.0.10.tgz",
					"integrity": "sha512-KGzahc7puUKkzyMt+IqAep+TVNbKP+k2Lmwhub39m1AsTSkaDutx56aDCo+HLDzf/D26BIHTJWNiTG1KAJiQCg=="
				},
				"symbol-observable": {
					"version": "1.0.4",
					"resolved": "https://registry.npmjs.org/symbol-observable/-/symbol-observable-1.0.4.tgz",
					"integrity": "sha512-+zhuFJT/l/6NEDL3gkjQ1flyil069glapYzByUjrUdPcn9Z3uFDHbz9TBrPhMz5xFEPyrI3NmDRlJ/lKxnIkIA=="
				},
				"tns-platform-declarations": {
					"version": "3.1.1",
					"resolved": "https://registry.npmjs.org/tns-platform-declarations/-/tns-platform-declarations-3.1.1.tgz",
					"integrity": "sha512-PU24Os81Fmf8YyTQew8G7jTfKM+dYo9yQcmptQmbA+eUMgKyv/AqiofoulMwvSuWmZVVH+D65GBGFbxP0nX9QA=="
				},
				"typescript": {
					"version": "2.3.4",
					"resolved": "https://registry.npmjs.org/typescript/-/typescript-2.3.4.tgz",
					"integrity": "sha512-+3YA3hpUsl9lWPPsPQshiyXvU9EgJhvMoG2V74b6D2BddGePqRbQWNztTvpoUjlpf+3TUIL14C4Cad4QNvOVfQ=="
				},
				"utile": {
					"version": "0.3.0",
					"resolved": "https://registry.npmjs.org/utile/-/utile-0.3.0.tgz",
					"integrity": "sha512-KaciY16ate/pJ7BAwBpVcfQlgJT02WRivIv8DlCX1cvg6WxaNEXHcdqazuS9fQ7PUoU5CH2UeY3wkqq16wRiWg==",
					"requires": {
						"async": "~0.9.0",
						"deep-equal": "~0.2.1",
						"i": "0.3.x",
						"ncp": "1.0.x",
						"rimraf": "2.x.x"
					}
				},
				"winston": {
					"version": "2.1.1",
					"resolved": "https://registry.npmjs.org/winston/-/winston-2.1.1.tgz",
					"integrity": "sha512-CPXrr+LD3DBeCEAnhPYS7DYbdq8kwhnkrVY7Px0vEROil9iZWaz0VHZHg41pNcUJc+1/PDm2obR1Lb2QGto1ZQ==",
					"requires": {
						"async": "~1.0.0",
						"colors": "1.0.x",
						"cycle": "1.0.x",
						"eyes": "0.1.x",
						"isstream": "0.1.x",
						"pkginfo": "0.3.x",
						"stack-trace": "0.0.x"
					},
					"dependencies": {
						"async": {
							"version": "1.0.0",
							"resolved": "https://registry.npmjs.org/async/-/async-1.0.0.tgz",
							"integrity": "sha512-5mO7DX4CbJzp9zjaFXusQQ4tzKJARjNB1Ih1pVBi8wkbmXy/xzIDgEMXxWePLzt2OdFwaxfneIlT1nCiXubrPQ=="
						},
						"colors": {
							"version": "1.0.3",
							"resolved": "https://registry.npmjs.org/colors/-/colors-1.0.3.tgz",
							"integrity": "sha512-pFGrxThWcWQ2MsAz6RtgeWe4NK2kUE1WfsrvvlctdII745EW9I0yflqhe7++M5LEc7bV2c/9/5zc8sFcpL0Drw=="
						},
						"pkginfo": {
							"version": "0.3.1",
							"resolved": "https://registry.npmjs.org/pkginfo/-/pkginfo-0.3.1.tgz",
							"integrity": "sha512-yO5feByMzAp96LtP58wvPKSbaKAi/1C4kV9XpTctr6EepnP6F33RBNOiVrdz9BrPA98U2BMFsTNHo44TWcbQ2A=="
						}
					}
				},
				"zone.js": {
					"version": "0.8.17",
					"resolved": "https://registry.npmjs.org/zone.js/-/zone.js-0.8.17.tgz",
					"integrity": "sha512-1O32mZ5JWtzP5ydpAWJwyRlcjhudBGiG4K/n9YI8CLpikE/+7U9O2o6sVgYYiciCo0/AwA1AM3SH795NyaOCtA=="
				}
			}
		},
		"once": {
			"version": "1.4.0",
			"resolved": "https://registry.npmjs.org/once/-/once-1.4.0.tgz",
			"integrity": "sha1-WDsap3WWHUsROsF9nFC6753Xa9E=",
			"dev": true,
			"requires": {
				"wrappy": "1.0.2"
			}
		},
		"path-is-absolute": {
			"version": "1.0.1",
			"resolved": "https://registry.npmjs.org/path-is-absolute/-/path-is-absolute-1.0.1.tgz",
			"integrity": "sha1-F0uSaHNVNP+8es5r9TpanhtcX18=",
			"dev": true
		},
		"reflect-metadata": {
			"version": "0.1.10",
			"resolved": "https://registry.npmjs.org/reflect-metadata/-/reflect-metadata-0.1.10.tgz",
			"integrity": "sha1-tPg3BEFqytiZiMmxVjXUfgO5NEo="
		},
		"regenerator-runtime": {
			"version": "0.11.0",
			"resolved": "https://registry.npmjs.org/regenerator-runtime/-/regenerator-runtime-0.11.0.tgz",
			"integrity": "sha512-/aA0kLeRb5N9K0d4fw7ooEbI+xDe+DKD499EQqygGqeS8N3xto15p09uY2xj7ixP81sNPXvRLnAQIqdVStgb1A==",
			"dev": true
		},
		"rxjs": {
			"version": "5.4.3",
			"resolved": "https://registry.npmjs.org/rxjs/-/rxjs-5.4.3.tgz",
			"integrity": "sha512-fSNi+y+P9ss+EZuV0GcIIqPUK07DEaMRUtLJvdcvMyFjc9dizuDjere+A4V7JrLGnm9iCc+nagV/4QdMTkqC4A==",
			"requires": {
				"symbol-observable": "1.0.4"
			}
		},
		"strip-ansi": {
			"version": "3.0.1",
			"resolved": "https://registry.npmjs.org/strip-ansi/-/strip-ansi-3.0.1.tgz",
			"integrity": "sha1-ajhfuIU9lS1f8F0Oiq+UJ43GPc8=",
			"dev": true,
			"requires": {
				"ansi-regex": "2.1.1"
			}
		},
		"supports-color": {
			"version": "2.0.0",
			"resolved": "https://registry.npmjs.org/supports-color/-/supports-color-2.0.0.tgz",
			"integrity": "sha1-U10EXOa2Nj+kARcIRimZXp3zJMc=",
			"dev": true
		},
		"symbol-observable": {
			"version": "1.0.4",
			"resolved": "https://registry.npmjs.org/symbol-observable/-/symbol-observable-1.0.4.tgz",
			"integrity": "sha1-Kb9hXUqnEhvdiYsi1LP5vE4qoD0="
		},
		"tns-core-modules": {
			"version": "3.1.1",
			"resolved": "https://registry.npmjs.org/tns-core-modules/-/tns-core-modules-3.1.1.tgz",
			"integrity": "sha1-ezicQt1sENstGt+8bJEDFwPlDdU=",
			"requires": {
				"tns-core-modules-widgets": "3.1.1"
			}
		},
		"tns-core-modules-widgets": {
			"version": "3.1.1",
			"resolved": "https://registry.npmjs.org/tns-core-modules-widgets/-/tns-core-modules-widgets-3.1.1.tgz",
			"integrity": "sha1-M2691nlV6Im5GNsuzyRy/rVwh+A="
		},
		"to-fast-properties": {
			"version": "1.0.3",
			"resolved": "https://registry.npmjs.org/to-fast-properties/-/to-fast-properties-1.0.3.tgz",
			"integrity": "sha1-uDVx+k2MJbguIxsG46MFXeTKGkc=",
			"dev": true
		},
		"tslib": {
			"version": "1.7.1",
			"resolved": "https://registry.npmjs.org/tslib/-/tslib-1.7.1.tgz",
			"integrity": "sha1-vIAEFkaRkjp5/oN4u+s9ogF1OOw="
		},
		"typescript": {
			"version": "2.4.2",
			"resolved": "https://registry.npmjs.org/typescript/-/typescript-2.4.2.tgz",
			"integrity": "sha1-+DlfhdRZJ2BnyYiqQYN6j4KHCEQ=",
			"dev": true
		},
		"wrappy": {
			"version": "1.0.2",
			"resolved": "https://registry.npmjs.org/wrappy/-/wrappy-1.0.2.tgz",
			"integrity": "sha1-tSQ9jz7BqjXxNkYFvA0QNuMKtp8=",
			"dev": true
		},
		"zone.js": {
			"version": "0.8.17",
			"resolved": "https://registry.npmjs.org/zone.js/-/zone.js-0.8.17.tgz",
			"integrity": "sha1-TF5RhahX2o2nk9rzkZNxxaNrKgs="
		}
	}
}
